
Microsoft Visual Studio Solution File, Format Version 12.00
# Visual Studio Version 17
VisualStudioVersion = 17.5.002.0
MinimumVisualStudioVersion = 10.0.40219.1
Project("{9A19103F-16F7-4668-BE54-9A1E7A4F7556}") = "iWatermark", "iWatermark.csproj", "{42D6FE31-927E-4CD7-BD77-DDC6DDDA96FF}"
EndProject
Global
	GlobalSection(SolutionConfigurationPlatforms) = preSolution
		Debug|Any CPU = Debug|Any CPU
		Release|Any CPU = Release|Any CPU
	EndGlobalSection
	GlobalSection(ProjectConfigurationPlatforms) = postSolution
		{42D6FE31-927E-4CD7-BD77-DDC6DDDA96FF}.Debug|Any CPU.ActiveCfg = Debug|Any CPU
		{42D6FE31-927E-4CD7-BD77-DDC6DDDA96FF}.Debug|Any CPU.Build.0 = Debug|Any CPU
		{42D6FE31-927E-4CD7-BD77-DDC6DDDA96FF}.Release|Any CPU.ActiveCfg = Release|Any CPU
		{42D6FE31-927E-4CD7-BD77-DDC6DDDA96FF}.Release|Any CPU.Build.0 = Release|Any CPU
	EndGlobalSection
	GlobalSection(SolutionProperties) = preSolution
		HideSolutionNode = FALSE
	EndGlobalSection
	GlobalSection(ExtensibilityGlobals) = postSolution
		SolutionGuid = {D4C2B6AD-79CF-4C3D-B7DE-2283A40BC9F4}
	EndGlobalSection
EndGlobal
